
Microsoft Visual Studio Solution File, Format Version 12.00
# Visual Studio 15
VisualStudioVersion = 15.0.26730.16
MinimumVisualStudioVersion = 10.0.40219.1
Project("{FAE04EC0-301F-11D3-BF4B-00C04F79EFBC}") = "API_ClientS", "API_ClientS\API_ClientS.csproj", "{212DB204-D301-46E3-BDFF-138A5B367EE7}"
EndProject
Global
	GlobalSection(SolutionConfigurationPlatforms) = preSolution
		Debug|Any CPU = Debug|Any CPU
		Release|Any CPU = Release|Any CPU
	EndGlobalSection
	GlobalSection(ProjectConfigurationPlatforms) = postSolution
		{212DB204-D301-46E3-BDFF-138A5B367EE7}.Debug|Any CPU.ActiveCfg = Debug|Any CPU
		{212DB204-D301-46E3-BDFF-138A5B367EE7}.Debug|Any CPU.Build.0 = Debug|Any CPU
		{212DB204-D301-46E3-BDFF-138A5B367EE7}.Release|Any CPU.ActiveCfg = Release|Any CPU
		{212DB204-D301-46E3-BDFF-138A5B367EE7}.Release|Any CPU.Build.0 = Release|Any CPU
	EndGlobalSection
	GlobalSection(SolutionProperties) = preSolution
		HideSolutionNode = FALSE
	EndGlobalSection
	GlobalSection(ExtensibilityGlobals) = postSolution
		SolutionGuid = {7D77F39A-B43F-40EA-B247-55E5400F8AFD}
	EndGlobalSection
EndGlobal
